# Code generated by scarb DO NOT EDIT.
version = 1

[[package]]
name = "cairo"
version = "0.1.0"
dependencies = [
 "hdp_cairo",
 "snforge_std",
]

[[package]]
name = "hdp_cairo"
version = "0.1.0"
source = "git+https://github.com/HerodotusDev/hdp-cairo.git?rev=1632830#1632830e821d77dfcc57452c0682ca312fc74b36"

[[package]]
name = "snforge_std"
version = "0.26.0"
source = "git+https://github.com/foundry-rs/starknet-foundry?tag=v0.26.0#50eb589db65e113efe4f09241feb59b574228c7e"
